
Microsoft Visual Studio Solution File, Format Version 12.00
# Visual Studio Version 17
VisualStudioVersion = 17.12.35514.174 d17.12
MinimumVisualStudioVersion = 10.0.40219.1
Project("{FAE04EC0-301F-11D3-BF4B-00C04F79EFBC}") = "OpenSee", "OpenSee\OpenSee.csproj", "{845F68F7-4094-4FE6-95E3-1B113BBFAD3F}"
EndProject
Project("{2150E333-8FDC-42A3-9474-1A3956D46DE8}") = "Solution Items", "Solution Items", "{4E73E58E-A652-4A0D-A260-D8E2AC10CDA0}"
	ProjectSection(SolutionItems) = preProject
		OpenSEE\.eslintrc = OpenSEE\.eslintrc
	EndProjectSection
EndProject
Global
	GlobalSection(SolutionConfigurationPlatforms) = preSolution
		Debug|Any CPU = Debug|Any CPU
		Release|Any CPU = Release|Any CPU
	EndGlobalSection
	GlobalSection(ProjectConfigurationPlatforms) = postSolution
		{845F68F7-4094-4FE6-95E3-1B113BBFAD3F}.Debug|Any CPU.ActiveCfg = Debug|Any CPU
		{845F68F7-4094-4FE6-95E3-1B113BBFAD3F}.Debug|Any CPU.Build.0 = Debug|Any CPU
		{845F68F7-4094-4FE6-95E3-1B113BBFAD3F}.Release|Any CPU.ActiveCfg = Release|Any CPU
		{845F68F7-4094-4FE6-95E3-1B113BBFAD3F}.Release|Any CPU.Build.0 = Release|Any CPU
	EndGlobalSection
	GlobalSection(SolutionProperties) = preSolution
		HideSolutionNode = FALSE
	EndGlobalSection
	GlobalSection(ExtensibilityGlobals) = postSolution
		SolutionGuid = {3E81769A-8E91-4DE2-AD77-438C680437A5}
	EndGlobalSection
EndGlobal
